
Microsoft Visual Studio Solution File, Format Version 12.00
# Visual Studio Version 17
VisualStudioVersion = 17.3.32825.248
MinimumVisualStudioVersion = 10.0.40219.1
Project("{9A19103F-16F7-4668-BE54-9A1E7A4F7556}") = "Scotec.Revit", "Scotec.Revit\Scotec.Revit.csproj", "{C9FFC09F-21B8-41EB-9C46-E8C54020DD4C}"
EndProject
Project("{9A19103F-16F7-4668-BE54-9A1E7A4F7556}") = "Scotec.Revit.Test", "Scotec.Revit.Test\Scotec.Revit.Test.csproj", "{FD4503E6-5BE3-4A52-870F-1AE169C03F99}"
EndProject
Project("{9A19103F-16F7-4668-BE54-9A1E7A4F7556}") = "Scotec.Revit.LoadContext", "Scotec.Revit.LoadContext\Scotec.Revit.LoadContext.csproj", "{DC461909-360A-4B94-B894-B14A7410300A}"
EndProject
Global
	GlobalSection(SolutionConfigurationPlatforms) = preSolution
		Debug|Any CPU = Debug|Any CPU
		Release|Any CPU = Release|Any CPU
	EndGlobalSection
	GlobalSection(ProjectConfigurationPlatforms) = postSolution
		{C9FFC09F-21B8-41EB-9C46-E8C54020DD4C}.Debug|Any CPU.ActiveCfg = Debug|Any CPU
		{C9FFC09F-21B8-41EB-9C46-E8C54020DD4C}.Debug|Any CPU.Build.0 = Debug|Any CPU
		{C9FFC09F-21B8-41EB-9C46-E8C54020DD4C}.Release|Any CPU.ActiveCfg = Release|Any CPU
		{C9FFC09F-21B8-41EB-9C46-E8C54020DD4C}.Release|Any CPU.Build.0 = Release|Any CPU
		{FD4503E6-5BE3-4A52-870F-1AE169C03F99}.Debug|Any CPU.ActiveCfg = Debug|Any CPU
		{FD4503E6-5BE3-4A52-870F-1AE169C03F99}.Debug|Any CPU.Build.0 = Debug|Any CPU
		{FD4503E6-5BE3-4A52-870F-1AE169C03F99}.Release|Any CPU.ActiveCfg = Release|Any CPU
		{FD4503E6-5BE3-4A52-870F-1AE169C03F99}.Release|Any CPU.Build.0 = Release|Any CPU
		{DC461909-360A-4B94-B894-B14A7410300A}.Debug|Any CPU.ActiveCfg = Debug|Any CPU
		{DC461909-360A-4B94-B894-B14A7410300A}.Debug|Any CPU.Build.0 = Debug|Any CPU
		{DC461909-360A-4B94-B894-B14A7410300A}.Release|Any CPU.ActiveCfg = Release|Any CPU
		{DC461909-360A-4B94-B894-B14A7410300A}.Release|Any CPU.Build.0 = Release|Any CPU
	EndGlobalSection
	GlobalSection(SolutionProperties) = preSolution
		HideSolutionNode = FALSE
	EndGlobalSection
	GlobalSection(ExtensibilityGlobals) = postSolution
		SolutionGuid = {D3C1343F-10FC-4C83-BABA-F3BB98B5C3DF}
	EndGlobalSection
EndGlobal
